{
    "version": 3,
    "terraform_version": "0.11.13",
    "serial": 7,
    "lineage": "ce55f4cc-6c74-ff8f-5caf-aa6f53054fed",
    "modules": [
        {
            "path": [
                "root"
            ],
            "outputs": {},
            "resources": {
                "docker_container.prueba": {
                    "type": "docker_container",
                    "depends_on": [],
                    "primary": {
                        "id": "29e13ffddf86b3a8c8ed4eeaff07e9f519790823d821d49dc9489a6d8c3d1fca",
                        "attributes": {
                            "attach": "false",
                            "bridge": "",
                            "gateway": "172.17.0.1",
                            "id": "29e13ffddf86b3a8c8ed4eeaff07e9f519790823d821d49dc9489a6d8c3d1fca",
                            "image": "ubuntu:latest",
                            "ip_address": "172.17.0.2",
                            "ip_prefix_length": "16",
                            "log_driver": "json-file",
                            "logs": "false",
                            "must_run": "true",
                            "name": "ContenedorCreadoConTerraform",
                            "network_data.#": "1",
                            "network_data.0.gateway": "172.17.0.1",
                            "network_data.0.ip_address": "172.17.0.2",
                            "network_data.0.ip_prefix_length": "16",
                            "network_data.0.network_name": "bridge",
                            "ports.#": "0",
                            "restart": "no",
                            "rm": "false",
                            "start": "true"
                        },
                        "meta": {
                            "schema_version": "1"
                        },
                        "tainted": false
                    },
                    "deposed": [],
                    "provider": "provider.docker"
                }
            },
            "depends_on": []
        }
    ]
}
