{
    "version": 3,
    "terraform_version": "0.11.13",
    "serial": 13,
    "lineage": "11df6918-4a97-f2c5-12b4-385fab4a613f",
    "modules": [
        {
            "path": [
                "root"
            ],
            "outputs": {},
            "resources": {
                "data.github_repository.ejemplo2W": {
                    "type": "github_repository",
                    "depends_on": [],
                    "primary": {
                        "id": "ejemplo2",
                        "attributes": {
                            "allow_merge_commit": "true",
                            "allow_rebase_merge": "true",
                            "allow_squash_merge": "true",
                            "archived": "false",
                            "default_branch": "master",
                            "description": "Ejemplo terraform",
                            "full_name": "proyectoiestriana/ejemplo2",
                            "git_clone_url": "git://github.com/proyectoiestriana/ejemplo2.git",
                            "has_downloads": "false",
                            "has_issues": "false",
                            "has_wiki": "false",
                            "homepage_url": "",
                            "html_url": "https://github.com/proyectoiestriana/ejemplo2",
                            "http_clone_url": "https://github.com/proyectoiestriana/ejemplo2.git",
                            "id": "ejemplo2",
                            "name": "ejemplo2",
                            "private": "false",
                            "ssh_clone_url": "git@github.com:proyectoiestriana/ejemplo2.git",
                            "svn_url": "https://github.com/proyectoiestriana/ejemplo2",
                            "topics.#": "0"
                        },
                        "meta": {},
                        "tainted": false
                    },
                    "deposed": [],
                    "provider": "provider.github"
                },
                "github_repository.ejemplo2": {
                    "type": "github_repository",
                    "depends_on": [],
                    "primary": {
                        "id": "ejemplo2",
                        "attributes": {
                            "allow_merge_commit": "true",
                            "allow_rebase_merge": "true",
                            "allow_squash_merge": "true",
                            "archived": "false",
                            "default_branch": "master",
                            "description": "Ejemplo terraform",
                            "etag": "W/\"c0eacf6fcbf4a744f04a8f4b3836da72\"",
                            "full_name": "proyectoiestriana/ejemplo2",
                            "git_clone_url": "git://github.com/proyectoiestriana/ejemplo2.git",
                            "has_downloads": "false",
                            "has_issues": "false",
                            "has_wiki": "false",
                            "homepage_url": "",
                            "html_url": "https://github.com/proyectoiestriana/ejemplo2",
                            "http_clone_url": "https://github.com/proyectoiestriana/ejemplo2.git",
                            "id": "ejemplo2",
                            "name": "ejemplo2",
                            "private": "false",
                            "ssh_clone_url": "git@github.com:proyectoiestriana/ejemplo2.git",
                            "svn_url": "https://github.com/proyectoiestriana/ejemplo2",
                            "topics.#": "0"
                        },
                        "meta": {},
                        "tainted": false
                    },
                    "deposed": [],
                    "provider": "provider.github"
                }
            },
            "depends_on": []
        }
    ]
}
