{
    "version": 3,
    "terraform_version": "0.11.13",
    "serial": 14,
    "lineage": "459ea44f-bec0-2694-537b-216f5fde3b4b",
    "modules": [
        {
            "path": [
                "root"
            ],
            "outputs": {},
            "resources": {
                "openstack_compute_instance_v2.instanciajuan": {
                    "type": "openstack_compute_instance_v2",
                    "depends_on": [],
                    "primary": {
                        "id": "b442bdc7-e7e1-43ce-b2a4-4df04ccaada3",
                        "attributes": {
                            "access_ip_v4": "192.168.1.114",
                            "access_ip_v6": "",
                            "all_metadata.%": "0",
                            "availability_zone": "nova",
                            "flavor_id": "dca5a963-dc4c-448b-a256-b7288e1bc2a4",
                            "flavor_name": "g1.nano",
                            "force_delete": "false",
                            "id": "b442bdc7-e7e1-43ce-b2a4-4df04ccaada3",
                            "image_id": "cd44ed06-22d4-4b1f-8f46-2031d183dbef",
                            "image_name": "Ubuntu_Server_1904",
                            "name": "instanciajuan",
                            "network.#": "1",
                            "network.0.access_network": "false",
                            "network.0.fixed_ip_v4": "192.168.1.114",
                            "network.0.fixed_ip_v6": "",
                            "network.0.floating_ip": "",
                            "network.0.mac": "fa:16:3e:9d:e7:e0",
                            "network.0.name": "provider",
                            "network.0.port": "",
                            "network.0.uuid": "c470a17e-d4b7-4ad9-84cd-ddc566f713fb",
                            "power_state": "active",
                            "region": "RegionOne",
                            "security_groups.#": "1",
                            "security_groups.3814588639": "default",
                            "stop_before_destroy": "false"
                        },
                        "meta": {
                            "e2bfb730-ecaa-11e6-8f88-34363bc7c4c0": {
                                "create": 1800000000000,
                                "delete": 1800000000000,
                                "update": 1800000000000
                            }
                        },
                        "tainted": false
                    },
                    "deposed": [],
                    "provider": "provider.openstack"
                }
            },
            "depends_on": []
        }
    ]
}
