{
    "version": 3,
    "terraform_version": "0.11.13",
    "serial": 3,
    "lineage": "bbca6682-d8f5-a23b-70b3-ad4dd0b78382",
    "modules": [
        {
            "path": [
                "root"
            ],
            "outputs": {},
            "resources": {},
            "depends_on": []
        },
        {
            "path": [
                "root",
                "ejemplomodulo"
            ],
            "outputs": {},
            "resources": {
                "github_repository.RepositorioModulado": {
                    "type": "github_repository",
                    "depends_on": [],
                    "primary": {
                        "id": "RepositorioModulado",
                        "attributes": {
                            "allow_merge_commit": "true",
                            "allow_rebase_merge": "true",
                            "allow_squash_merge": "true",
                            "archived": "false",
                            "default_branch": "master",
                            "description": "Creando repositorios con modulos de Terraform",
                            "etag": "W/\"61c21eb1c78f5d3342b034d9fb8c9489\"",
                            "full_name": "proyectoiestriana/RepositorioModulado",
                            "git_clone_url": "git://github.com/proyectoiestriana/RepositorioModulado.git",
                            "has_downloads": "false",
                            "has_issues": "false",
                            "has_wiki": "false",
                            "homepage_url": "",
                            "html_url": "https://github.com/proyectoiestriana/RepositorioModulado",
                            "http_clone_url": "https://github.com/proyectoiestriana/RepositorioModulado.git",
                            "id": "RepositorioModulado",
                            "name": "RepositorioModulado",
                            "private": "false",
                            "ssh_clone_url": "git@github.com:proyectoiestriana/RepositorioModulado.git",
                            "svn_url": "https://github.com/proyectoiestriana/RepositorioModulado",
                            "topics.#": "0"
                        },
                        "meta": {},
                        "tainted": false
                    },
                    "deposed": [],
                    "provider": "module.ejemplomodulo.provider.github"
                },
                "github_repository.ejemplo4": {
                    "type": "github_repository",
                    "depends_on": [],
                    "primary": {
                        "id": "ejemplo4",
                        "attributes": {
                            "allow_merge_commit": "true",
                            "allow_rebase_merge": "true",
                            "allow_squash_merge": "true",
                            "archived": "false",
                            "default_branch": "master",
                            "description": "Creando repositorios con modulos de Terraform",
                            "etag": "W/\"3d3cafe477e6db4ed699d67eadf83d62\"",
                            "full_name": "proyectoiestriana/ejemplo4",
                            "git_clone_url": "git://github.com/proyectoiestriana/ejemplo4.git",
                            "has_downloads": "false",
                            "has_issues": "false",
                            "has_wiki": "false",
                            "homepage_url": "",
                            "html_url": "https://github.com/proyectoiestriana/ejemplo4",
                            "http_clone_url": "https://github.com/proyectoiestriana/ejemplo4.git",
                            "id": "ejemplo4",
                            "name": "ejemplo4",
                            "private": "false",
                            "ssh_clone_url": "git@github.com:proyectoiestriana/ejemplo4.git",
                            "svn_url": "https://github.com/proyectoiestriana/ejemplo4",
                            "topics.#": "0"
                        },
                        "meta": {},
                        "tainted": false
                    },
                    "deposed": [],
                    "provider": "module.ejemplomodulo.provider.github"
                }
            },
            "depends_on": []
        }
    ]
}
